{
    "_readme": [
        "This file locks the dependencies of your project to a known state",
        "Read more about it at https://getcomposer.org/doc/01-basic-usage.md#composer-lock-the-lock-file",
        "This file is @generated automatically"
    ],
    "hash": "9d19fe1095364814a5e48118b8320f53",
    "content-hash": "5f48f2d0e9620d6db0b89877ffcae4f0",
    "packages": [
        {
            "name": "badcow/lorem-ipsum",
            "version": "v1.1.1",
            "source": {
                "type": "git",
                "url": "https://github.com/Badcow/LoremIpsum.git",
                "reference": "7e685497e92d71d0ebbd067d51892f3308cc72e1"
            },
            "dist": {
                "type": "zip",
                "url": "https://api.github.com/repos/Badcow/LoremIpsum/zipball/7e685497e92d71d0ebbd067d51892f3308cc72e1",
                "reference": "7e685497e92d71d0ebbd067d51892f3308cc72e1",
                "shasum": ""
            },
            "require": {
                "php": ">=5.3.9"
            },
            "suggest": {
                "twig/twig": "Twig is a template language for PHP, released under the new BSD license (code and documentation)."
            },
            "type": "library",
            "autoload": {
                "psr-4": {
                    "Badcow\\LoremIpsum\\": "lib/"
                }
            },
            "notification-url": "https://packagist.org/downloads/",
            "license": [
                "MIT"
            ],
            "authors": [
                {
                    "name": "Sam Williams",
                    "email": "sam@badcow.co"
                },
                {
                    "name": "Mathew Tinsley",
                    "email": "tinsley@tinsology.net"
                }
            ],
            "description": "Lorem ipsum generator.",
            "time": "2015-04-10 00:15:43"
        }
    ],
    "packages-dev": [],
    "aliases": [],
    "minimum-stability": "stable",
    "stability-flags": [],
    "prefer-stable": false,
    "prefer-lowest": false,
    "platform": [],
    "platform-dev": []
}
